
Microsoft Visual Studio Solution File, Format Version 12.00
# Visual Studio 15
VisualStudioVersion = 15.0.26730.10
MinimumVisualStudioVersion = 10.0.40219.1
Project("{A07B5EB6-E848-4116-A8D0-A826331D98C6}") = "ServiceFabric.Dictionary", "ServiceFabric.Dictionary\ServiceFabric.Dictionary.sfproj", "{40B86F48-329E-414C-A15C-2C29A70FF503}"
EndProject
Project("{9A19103F-16F7-4668-BE54-9A1E7A4F7556}") = "ServiceFabric.Dictionary.DictionaryService", "ServiceFabric.Dictionary.DictionaryService\ServiceFabric.Dictionary.DictionaryService.csproj", "{250558E0-EFA1-4587-BAFE-B79574A80710}"
EndProject
Project("{FAE04EC0-301F-11D3-BF4B-00C04F79EFBC}") = "ServiceFabric.Dictionary.ClientApp", "ServiceFabric.Dictionary.ClientApp\ServiceFabric.Dictionary.ClientApp.csproj", "{01188D35-EC2F-4FAC-9536-3FC5FB5BA8B3}"
EndProject
Project("{FAE04EC0-301F-11D3-BF4B-00C04F79EFBC}") = "ServiceFabric.Dictionary.IndexService", "ServiceFabric.Dictionary.IndexService\ServiceFabric.Dictionary.IndexService.csproj", "{B8E58845-98CA-401D-BD72-AFC3762EFDDC}"
EndProject
Project("{FAE04EC0-301F-11D3-BF4B-00C04F79EFBC}") = "ServiceFabric.Dictionary.Tests", "ServiceFabric.Dictionary.Tests\ServiceFabric.Dictionary.Tests.csproj", "{F7CE1854-ABD4-4D1C-A163-C1128385CBED}"
EndProject
Project("{9A19103F-16F7-4668-BE54-9A1E7A4F7556}") = "ServiceFabric.Dictionary.IndexApiService", "ServiceFabric.Dictionary.IndexApiService\ServiceFabric.Dictionary.IndexApiService.csproj", "{298FFA38-2872-41C3-A45F-9D016D2D96E6}"
EndProject
Global
	GlobalSection(SolutionConfigurationPlatforms) = preSolution
		Debug|x64 = Debug|x64
		Release|x64 = Release|x64
	EndGlobalSection
	GlobalSection(ProjectConfigurationPlatforms) = postSolution
		{40B86F48-329E-414C-A15C-2C29A70FF503}.Debug|x64.ActiveCfg = Debug|x64
		{40B86F48-329E-414C-A15C-2C29A70FF503}.Debug|x64.Build.0 = Debug|x64
		{40B86F48-329E-414C-A15C-2C29A70FF503}.Debug|x64.Deploy.0 = Debug|x64
		{40B86F48-329E-414C-A15C-2C29A70FF503}.Release|x64.ActiveCfg = Release|x64
		{40B86F48-329E-414C-A15C-2C29A70FF503}.Release|x64.Build.0 = Release|x64
		{40B86F48-329E-414C-A15C-2C29A70FF503}.Release|x64.Deploy.0 = Release|x64
		{250558E0-EFA1-4587-BAFE-B79574A80710}.Debug|x64.ActiveCfg = Debug|x64
		{250558E0-EFA1-4587-BAFE-B79574A80710}.Debug|x64.Build.0 = Debug|x64
		{250558E0-EFA1-4587-BAFE-B79574A80710}.Release|x64.ActiveCfg = Release|Any CPU
		{250558E0-EFA1-4587-BAFE-B79574A80710}.Release|x64.Build.0 = Release|Any CPU
		{01188D35-EC2F-4FAC-9536-3FC5FB5BA8B3}.Debug|x64.ActiveCfg = Debug|x64
		{01188D35-EC2F-4FAC-9536-3FC5FB5BA8B3}.Debug|x64.Build.0 = Debug|x64
		{01188D35-EC2F-4FAC-9536-3FC5FB5BA8B3}.Release|x64.ActiveCfg = Release|Any CPU
		{01188D35-EC2F-4FAC-9536-3FC5FB5BA8B3}.Release|x64.Build.0 = Release|Any CPU
		{B8E58845-98CA-401D-BD72-AFC3762EFDDC}.Debug|x64.ActiveCfg = Debug|x64
		{B8E58845-98CA-401D-BD72-AFC3762EFDDC}.Debug|x64.Build.0 = Debug|x64
		{B8E58845-98CA-401D-BD72-AFC3762EFDDC}.Release|x64.ActiveCfg = Release|x64
		{B8E58845-98CA-401D-BD72-AFC3762EFDDC}.Release|x64.Build.0 = Release|x64
		{F7CE1854-ABD4-4D1C-A163-C1128385CBED}.Debug|x64.ActiveCfg = Debug|x64
		{F7CE1854-ABD4-4D1C-A163-C1128385CBED}.Debug|x64.Build.0 = Debug|x64
		{F7CE1854-ABD4-4D1C-A163-C1128385CBED}.Release|x64.ActiveCfg = Release|Any CPU
		{F7CE1854-ABD4-4D1C-A163-C1128385CBED}.Release|x64.Build.0 = Release|Any CPU
		{298FFA38-2872-41C3-A45F-9D016D2D96E6}.Debug|x64.ActiveCfg = Debug|x64
		{298FFA38-2872-41C3-A45F-9D016D2D96E6}.Debug|x64.Build.0 = Debug|x64
		{298FFA38-2872-41C3-A45F-9D016D2D96E6}.Release|x64.ActiveCfg = Release|Any CPU
		{298FFA38-2872-41C3-A45F-9D016D2D96E6}.Release|x64.Build.0 = Release|Any CPU
	EndGlobalSection
	GlobalSection(SolutionProperties) = preSolution
		HideSolutionNode = FALSE
	EndGlobalSection
	GlobalSection(ExtensibilityGlobals) = postSolution
		SolutionGuid = {84EA1CF0-0276-488C-8496-F24F9BB30982}
	EndGlobalSection
EndGlobal
